{
  "version": 1,
  "dependencies": {
    "net6.0": {
      "Microsoft.AspNetCore.Components.WebAssembly.Server": {
        "type": "Direct",
        "requested": "[6.0.2, )",
        "resolved": "6.0.2",
        "contentHash": "GGRXrmLdayvUcKclH8jGPoAuRl9utuC6Ut2YlqYG6zJvugXw2HPz+wnmKNJviRO6Ck/yqZrtEXnHeXNeqy8vCg=="
      },
      "Blazorise": {
        "type": "Transitive",
        "resolved": "0.9.5.6",
        "contentHash": "OfoseG9R7LAjqdF/Cx2yKXosWQQFTUhoc874ysj17IssjP0yogSTd918Bg7UBRtyrCdsnPoYKEhBtdzr0A2E5w==",
        "dependencies": {
          "Microsoft.AspNetCore.Components": "6.0.0",
          "Microsoft.AspNetCore.Components.Web": "6.0.0",
          "Microsoft.Extensions.Logging.Abstractions": "6.0.0"
        }
      },
      "Blazorise.Bootstrap": {
        "type": "Transitive",
        "resolved": "0.9.5.6",
        "contentHash": "wJ+J0Gt2iAn7uri2/hBviaXXBskorkM+l22rlgEqXC9aJkdM3kCElizdrq6j5jHtXs0YWMzARPS5w97qlS4h0Q==",
        "dependencies": {
          "Blazorise": "0.9.5.6",
          "Microsoft.AspNetCore.Components": "6.0.0",
          "Microsoft.AspNetCore.Components.Web": "6.0.0",
          "Microsoft.Extensions.Logging.Abstractions": "6.0.0"
        }
      },
      "Blazorise.Icons.Material": {
        "type": "Transitive",
        "resolved": "0.9.5.6",
        "contentHash": "jXVHLbgCo6eMifdcHSkID2GBNIZQqGricfAy+sTHSJpJ/EWSDwlipkfqm2T5WnBop7Jrbdas4gu0zb4tvwLEUg==",
        "dependencies": {
          "Blazorise": "0.9.5.6",
          "Microsoft.AspNetCore.Components": "6.0.0",
          "Microsoft.AspNetCore.Components.Web": "6.0.0",
          "Microsoft.Extensions.Logging.Abstractions": "6.0.0"
        }
      },
      "Blazorise.Material": {
        "type": "Transitive",
        "resolved": "0.9.5.6",
        "contentHash": "aXijDMI4SO1xSOiWAwnmnuKwXn6cZvKCsyvBJE8kF8YjVpXZ0RU5caJR61ZLMjkos3iOECNPdvNw5iy1kzgafw==",
        "dependencies": {
          "Blazorise": "0.9.5.6",
          "Blazorise.Bootstrap": "0.9.5.6",
          "Microsoft.AspNetCore.Components": "6.0.0",
          "Microsoft.AspNetCore.Components.Web": "6.0.0",
          "Microsoft.Extensions.Logging.Abstractions": "6.0.0"
        }
      },
      "Grpc.Core.Api": {
        "type": "Transitive",
        "resolved": "2.43.0",
        "contentHash": "mikPMVE2I1AaNde1JQvR3ud8HsUmpeA4blqTt4SfCnDSNVN1GCd2UUEZsiID4MRPUzXwflMYl7/HhFytb6d+Ww==",
        "dependencies": {
          "System.Memory": "4.5.3"
        }
      },
      "Grpc.Net.Client": {
        "type": "Transitive",
        "resolved": "2.43.0",
        "contentHash": "ZhkxEOT3YPsJufsSYwIixwnPyZbjy3xOZgO61J2ZwEby3StwBDFQ5eHoxSjNVSpOP+ax8WMbgbmZfzjO+hBW8A==",
        "dependencies": {
          "Grpc.Net.Common": "2.43.0",
          "Microsoft.Extensions.Logging.Abstractions": "3.0.3"
        }
      },
      "Grpc.Net.Common": {
        "type": "Transitive",
        "resolved": "2.43.0",
        "contentHash": "kt0Hb1N1tlb5UdN17bTHEPNbKP3LUHEZQSKD47etAVI5KLDtmVGO4YsUGM/krrNMwHRjhUCy0EhUU8uVMc3upA==",
        "dependencies": {
          "Grpc.Core.Api": "2.43.0"
        }
      },
      "MediatR": {
        "type": "Transitive",
        "resolved": "10.0.1",
        "contentHash": "vnjbk4giDJzJelh34Ygt0eorApCKrRFB7j0pauFPY1oxfO3cEZ7FugBrIOjCM76SDGTOmPFfbfmVnz1t3iFrGA==",
        "dependencies": {
          "MediatR.Contracts": "1.0.1"
        }
      },
      "MediatR.Contracts": {
        "type": "Transitive",
        "resolved": "1.0.1",
        "contentHash": "NsRvOxthhkYml4DcBMyJsmym8C4MchioH7wxKVPEg7plFj9Euh/i4IcmZ3Gvgx6+K8obeuhPeJdoBl56wnuo3A=="
      },
      "Microsoft.AspNetCore.Authorization": {
        "type": "Transitive",
        "resolved": "6.0.2",
        "contentHash": "AjwO1PjN75weiC0KzznybEZh5rr+VjH3c2wvuRT6Qmd8cv2+/6hBn/peelGkZUzYBY0l7QA22jwmjKKeeNYsIQ==",
        "dependencies": {
          "Microsoft.AspNetCore.Metadata": "6.0.2",
          "Microsoft.Extensions.Logging.Abstractions": "6.0.0",
          "Microsoft.Extensions.Options": "6.0.0"
        }
      },
      "Microsoft.AspNetCore.Components": {
        "type": "Transitive",
        "resolved": "6.0.2",
        "contentHash": "UXojpKtmaJkGRUzGgGY2LcmAqWaubEJ0ewEm/wmchn89hQPuqMG/Zm+Matl1pSMCDIbxuGegYzUs9zIqbS1VNA==",
        "dependencies": {
          "Microsoft.AspNetCore.Authorization": "6.0.2",
          "Microsoft.AspNetCore.Components.Analyzers": "6.0.2"
        }
      },
      "Microsoft.AspNetCore.Components.Analyzers": {
        "type": "Transitive",
        "resolved": "6.0.2",
        "contentHash": "jHMdjIrlqm1T6BqBzCpuMAdj1mSpmcEF0wNXIKh7xS6jKAdKOy8aWKTbFI022dW8ZgjC4UNpp9UTuMDVu9/T/w=="
      },
      "Microsoft.AspNetCore.Components.Forms": {
        "type": "Transitive",
        "resolved": "6.0.2",
        "contentHash": "8cABkvHPvBhwMVzOl3ZzVPafDk/ZcUoCA8I7a9jcndpFYNztqtN6IP7i1KSJYk4EYG5nSEf3v1d4F6ufmTKwSA==",
        "dependencies": {
          "Microsoft.AspNetCore.Components": "6.0.2"
        }
      },
      "Microsoft.AspNetCore.Components.Web": {
        "type": "Transitive",
        "resolved": "6.0.2",
        "contentHash": "xtQB9yaO7Yki9qHWx48Xuk1/t3cGeOtog+ObSn64rK7knLICd9NpKZa5cw/0ttqzxCo0QHwtk/KAhY9qu4RX7w==",
        "dependencies": {
          "Microsoft.AspNetCore.Components": "6.0.2",
          "Microsoft.AspNetCore.Components.Forms": "6.0.2",
          "Microsoft.Extensions.DependencyInjection": "6.0.0",
          "Microsoft.JSInterop": "6.0.2",
          "System.IO.Pipelines": "6.0.2"
        }
      },
      "Microsoft.AspNetCore.Components.WebAssembly": {
        "type": "Transitive",
        "resolved": "6.0.2",
        "contentHash": "FM+ygVElZ6Eug5CNxYfmTSjXt/iU4EryMkNDtdCZwM9z6lPRUf2S3vfVJ79Io4Fzy05d+dnaw+6Zo3fz3s8s2w==",
        "dependencies": {
          "Microsoft.AspNetCore.Components.Web": "6.0.2",
          "Microsoft.Extensions.Configuration.Binder": "6.0.0",
          "Microsoft.Extensions.Configuration.Json": "6.0.0",
          "Microsoft.Extensions.Logging": "6.0.0",
          "Microsoft.JSInterop.WebAssembly": "6.0.2"
        }
      },
      "Microsoft.AspNetCore.Metadata": {
        "type": "Transitive",
        "resolved": "6.0.2",
        "contentHash": "SE6xWyaY2n9LsfwNwppyqwVIRtS1RcYPaIFoqyTi8HA6l2Zze40lIvdTSTtDQC+EZpdDRmQY3CPQi9ZlCqOwTg=="
      },
      "Microsoft.Extensions.Configuration": {
        "type": "Transitive",
        "resolved": "6.0.0",
        "contentHash": "tq2wXyh3fL17EMF2bXgRhU7JrbO3on93MRKYxzz4JzzvuGSA1l0W3GI9/tl8EO89TH+KWEymP7bcFway6z9fXg==",
        "dependencies": {
          "Microsoft.Extensions.Configuration.Abstractions": "6.0.0",
          "Microsoft.Extensions.Primitives": "6.0.0"
        }
      },
      "Microsoft.Extensions.Configuration.Abstractions": {
        "type": "Transitive",
        "resolved": "6.0.0",
        "contentHash": "qWzV9o+ZRWq+pGm+1dF+R7qTgTYoXvbyowRoBxQJGfqTpqDun2eteerjRQhq5PQ/14S+lqto3Ft4gYaRyl4rdQ==",
        "dependencies": {
          "Microsoft.Extensions.Primitives": "6.0.0"
        }
      },
      "Microsoft.Extensions.Configuration.Binder": {
        "type": "Transitive",
        "resolved": "6.0.0",
        "contentHash": "b3ErKzND8LIC7o08QAVlKfaEIYEvLJbtmVbFZVBRXeu9YkKfSSzLZfR1SUfQPBIy9mKLhEtJgGYImkcMNaKE0A==",
        "dependencies": {
          "Microsoft.Extensions.Configuration.Abstractions": "6.0.0"
        }
      },
      "Microsoft.Extensions.Configuration.CommandLine": {
        "type": "Transitive",
        "resolved": "6.0.0",
        "contentHash": "3nL1qCkZ1Oxx14ZTzgo4MmlO7tso7F+TtMZAY2jUAtTLyAcDp+EDjk3RqafoKiNaePyPvvlleEcBxh3b2Hzl1g==",
        "dependencies": {
          "Microsoft.Extensions.Configuration": "6.0.0",
          "Microsoft.Extensions.Configuration.Abstractions": "6.0.0"
        }
      },
      "Microsoft.Extensions.Configuration.EnvironmentVariables": {
        "type": "Transitive",
        "resolved": "6.0.1",
        "contentHash": "pnyXV1LFOsYjGveuC07xp0YHIyGq7jRq5Ncb5zrrIieMLWVwgMyYxcOH0jTnBedDT4Gh1QinSqsjqzcieHk1og==",
        "dependencies": {
          "Microsoft.Extensions.Configuration": "6.0.0",
          "Microsoft.Extensions.Configuration.Abstractions": "6.0.0"
        }
      },
      "Microsoft.Extensions.Configuration.FileExtensions": {
        "type": "Transitive",
        "resolved": "6.0.0",
        "contentHash": "V4Dth2cYMZpw3HhGw9XUDIijpI6gN+22LDt0AhufIgOppCUfpWX4483OmN+dFXRJkJLc8Tv0Q8QK+1ingT2+KQ==",
        "dependencies": {
          "Microsoft.Extensions.Configuration": "6.0.0",
          "Microsoft.Extensions.Configuration.Abstractions": "6.0.0",
          "Microsoft.Extensions.FileProviders.Abstractions": "6.0.0",
          "Microsoft.Extensions.FileProviders.Physical": "6.0.0",
          "Microsoft.Extensions.Primitives": "6.0.0"
        }
      },
      "Microsoft.Extensions.Configuration.Json": {
        "type": "Transitive",
        "resolved": "6.0.0",
        "contentHash": "GJGery6QytCzS/BxJ96klgG9in3uH26KcUBbiVG/coNDXCRq6LGVVlUT4vXq34KPuM+R2av+LeYdX9h4IZOCUg==",
        "dependencies": {
          "Microsoft.Extensions.Configuration": "6.0.0",
          "Microsoft.Extensions.Configuration.Abstractions": "6.0.0",
          "Microsoft.Extensions.Configuration.FileExtensions": "6.0.0",
          "Microsoft.Extensions.FileProviders.Abstractions": "6.0.0",
          "System.Text.Json": "6.0.0"
        }
      },
      "Microsoft.Extensions.Configuration.UserSecrets": {
        "type": "Transitive",
        "resolved": "6.0.1",
        "contentHash": "Fy8yr4V6obi7ZxvKYI1i85jqtwMq8tqyxQVZpRSkgeA8enqy/KvBIMdcuNdznlxQMZa72mvbHqb7vbg4Pyx95w==",
        "dependencies": {
          "Microsoft.Extensions.Configuration.Abstractions": "6.0.0",
          "Microsoft.Extensions.Configuration.Json": "6.0.0",
          "Microsoft.Extensions.FileProviders.Abstractions": "6.0.0",
          "Microsoft.Extensions.FileProviders.Physical": "6.0.0"
        }
      },
      "Microsoft.Extensions.DependencyInjection": {
        "type": "Transitive",
        "resolved": "6.0.0",
        "contentHash": "k6PWQMuoBDGGHOQTtyois2u4AwyVcIwL2LaSLlTZQm2CYcJ1pxbt6jfAnpWmzENA/wfrYRI/X9DTLoUkE4AsLw==",
        "dependencies": {
          "Microsoft.Extensions.DependencyInjection.Abstractions": "6.0.0",
          "System.Runtime.CompilerServices.Unsafe": "6.0.0"
        }
      },
      "Microsoft.Extensions.DependencyInjection.Abstractions": {
        "type": "Transitive",
        "resolved": "6.0.0",
        "contentHash": "xlzi2IYREJH3/m6+lUrQlujzX8wDitm4QGnUu6kUXTQAWPuZY8i+ticFJbzfqaetLA6KR/rO6Ew/HuYD+bxifg=="
      },
      "Microsoft.Extensions.FileProviders.Abstractions": {
        "type": "Transitive",
        "resolved": "6.0.0",
        "contentHash": "0pd4/fho0gC12rQswaGQxbU34jOS1TPS8lZPpkFCH68ppQjHNHYle9iRuHeev1LhrJ94YPvzcRd8UmIuFk23Qw==",
        "dependencies": {
          "Microsoft.Extensions.Primitives": "6.0.0"
        }
      },
      "Microsoft.Extensions.FileProviders.Physical": {
        "type": "Transitive",
        "resolved": "6.0.0",
        "contentHash": "QvkL7l0nM8udt3gfyu0Vw8bbCXblxaKOl7c2oBfgGy4LCURRaL9XWZX1FWJrQc43oMokVneVxH38iz+bY1sbhg==",
        "dependencies": {
          "Microsoft.Extensions.FileProviders.Abstractions": "6.0.0",
          "Microsoft.Extensions.FileSystemGlobbing": "6.0.0",
          "Microsoft.Extensions.Primitives": "6.0.0"
        }
      },
      "Microsoft.Extensions.FileSystemGlobbing": {
        "type": "Transitive",
        "resolved": "6.0.0",
        "contentHash": "ip8jnL1aPiaPeKINCqaTEbvBFDmVx9dXQEBZ2HOBRXPD1eabGNqP/bKlsIcp7U2lGxiXd5xIhoFcmY8nM4Hdiw=="
      },
      "Microsoft.Extensions.Hosting": {
        "type": "Transitive",
        "resolved": "6.0.1",
        "contentHash": "hbmizc9KPWOacLU8Z8YMaBG6KWdZFppczYV/KwnPGU/8xebWxQxdDeJmLOgg968prb7g2oQgnp6JVLX6lgby8g==",
        "dependencies": {
          "Microsoft.Extensions.Configuration": "6.0.0",
          "Microsoft.Extensions.Configuration.Abstractions": "6.0.0",
          "Microsoft.Extensions.Configuration.Binder": "6.0.0",
          "Microsoft.Extensions.Configuration.CommandLine": "6.0.0",
          "Microsoft.Extensions.Configuration.EnvironmentVariables": "6.0.1",
          "Microsoft.Extensions.Configuration.FileExtensions": "6.0.0",
          "Microsoft.Extensions.Configuration.Json": "6.0.0",
          "Microsoft.Extensions.Configuration.UserSecrets": "6.0.1",
          "Microsoft.Extensions.DependencyInjection": "6.0.0",
          "Microsoft.Extensions.DependencyInjection.Abstractions": "6.0.0",
          "Microsoft.Extensions.FileProviders.Abstractions": "6.0.0",
          "Microsoft.Extensions.FileProviders.Physical": "6.0.0",
          "Microsoft.Extensions.Hosting.Abstractions": "6.0.0",
          "Microsoft.Extensions.Logging": "6.0.0",
          "Microsoft.Extensions.Logging.Abstractions": "6.0.0",
          "Microsoft.Extensions.Logging.Configuration": "6.0.0",
          "Microsoft.Extensions.Logging.Console": "6.0.0",
          "Microsoft.Extensions.Logging.Debug": "6.0.0",
          "Microsoft.Extensions.Logging.EventLog": "6.0.0",
          "Microsoft.Extensions.Logging.EventSource": "6.0.0",
          "Microsoft.Extensions.Options": "6.0.0"
        }
      },
      "Microsoft.Extensions.Hosting.Abstractions": {
        "type": "Transitive",
        "resolved": "6.0.0",
        "contentHash": "GcT5l2CYXL6Sa27KCSh0TixsRfADUgth+ojQSD5EkzisZxmGFh7CwzkcYuGwvmXLjr27uWRNrJ2vuuEjMhU05Q==",
        "dependencies": {
          "Microsoft.Extensions.Configuration.Abstractions": "6.0.0",
          "Microsoft.Extensions.DependencyInjection.Abstractions": "6.0.0",
          "Microsoft.Extensions.FileProviders.Abstractions": "6.0.0"
        }
      },
      "Microsoft.Extensions.Hosting.WindowsServices": {
        "type": "Transitive",
        "resolved": "6.0.0",
        "contentHash": "qrYcNoYOI7AouQf0edY1NotePLNfz6wwLfjcEL5IQMXQm61k9glChzr7bt4I8uFelAHK8dYJPvCHEd6idxoXOw==",
        "dependencies": {
          "Microsoft.Extensions.Hosting": "6.0.0",
          "Microsoft.Extensions.Logging.EventLog": "6.0.0",
          "System.ServiceProcess.ServiceController": "6.0.0"
        }
      },
      "Microsoft.Extensions.Logging": {
        "type": "Transitive",
        "resolved": "6.0.0",
        "contentHash": "eIbyj40QDg1NDz0HBW0S5f3wrLVnKWnDJ/JtZ+yJDFnDj90VoPuoPmFkeaXrtu+0cKm5GRAwoDf+dBWXK0TUdg==",
        "dependencies": {
          "Microsoft.Extensions.DependencyInjection": "6.0.0",
          "Microsoft.Extensions.DependencyInjection.Abstractions": "6.0.0",
          "Microsoft.Extensions.Logging.Abstractions": "6.0.0",
          "Microsoft.Extensions.Options": "6.0.0",
          "System.Diagnostics.DiagnosticSource": "6.0.0"
        }
      },
      "Microsoft.Extensions.Logging.Abstractions": {
        "type": "Transitive",
        "resolved": "6.0.0",
        "contentHash": "/HggWBbTwy8TgebGSX5DBZ24ndhzi93sHUBDvP1IxbZD7FDokYzdAr6+vbWGjw2XAfR2EJ1sfKUotpjHnFWPxA=="
      },
      "Microsoft.Extensions.Logging.Configuration": {
        "type": "Transitive",
        "resolved": "6.0.0",
        "contentHash": "ZDskjagmBAbv+K8rYW9VhjPplhbOE63xUD0DiuydZJwt15dRyoqicYklLd86zzeintUc7AptDkHn+YhhYkYo8A==",
        "dependencies": {
          "Microsoft.Extensions.Configuration": "6.0.0",
          "Microsoft.Extensions.Configuration.Abstractions": "6.0.0",
          "Microsoft.Extensions.Configuration.Binder": "6.0.0",
          "Microsoft.Extensions.DependencyInjection.Abstractions": "6.0.0",
          "Microsoft.Extensions.Logging": "6.0.0",
          "Microsoft.Extensions.Logging.Abstractions": "6.0.0",
          "Microsoft.Extensions.Options": "6.0.0",
          "Microsoft.Extensions.Options.ConfigurationExtensions": "6.0.0"
        }
      },
      "Microsoft.Extensions.Logging.Console": {
        "type": "Transitive",
        "resolved": "6.0.0",
        "contentHash": "gsqKzOEdsvq28QiXFxagmn1oRB9GeI5GgYCkoybZtQA0IUb7QPwf1WmN3AwJeNIsadTvIFQCiVK0OVIgKfOBGg==",
        "dependencies": {
          "Microsoft.Extensions.DependencyInjection.Abstractions": "6.0.0",
          "Microsoft.Extensions.Logging": "6.0.0",
          "Microsoft.Extensions.Logging.Abstractions": "6.0.0",
          "Microsoft.Extensions.Logging.Configuration": "6.0.0",
          "Microsoft.Extensions.Options": "6.0.0",
          "System.Text.Json": "6.0.0"
        }
      },
      "Microsoft.Extensions.Logging.Debug": {
        "type": "Transitive",
        "resolved": "6.0.0",
        "contentHash": "M9g/JixseSZATJE9tcMn9uzoD4+DbSglivFqVx8YkRJ7VVPmnvCEbOZ0AAaxsL1EKyI4cz07DXOOJExxNsUOHw==",
        "dependencies": {
          "Microsoft.Extensions.DependencyInjection.Abstractions": "6.0.0",
          "Microsoft.Extensions.Logging": "6.0.0",
          "Microsoft.Extensions.Logging.Abstractions": "6.0.0"
        }
      },
      "Microsoft.Extensions.Logging.EventLog": {
        "type": "Transitive",
        "resolved": "6.0.0",
        "contentHash": "rlo0RxlMd0WtLG3CHI0qOTp6fFn7MvQjlrCjucA31RqmiMFCZkF8CHNbe8O7tbBIyyoLGWB1he9CbaA5iyHthg==",
        "dependencies": {
          "Microsoft.Extensions.DependencyInjection.Abstractions": "6.0.0",
          "Microsoft.Extensions.Logging": "6.0.0",
          "Microsoft.Extensions.Logging.Abstractions": "6.0.0",
          "Microsoft.Extensions.Options": "6.0.0",
          "System.Diagnostics.EventLog": "6.0.0"
        }
      },
      "Microsoft.Extensions.Logging.EventSource": {
        "type": "Transitive",
        "resolved": "6.0.0",
        "contentHash": "BeDyyqt7nkm/nr+Gdk+L8n1tUT/u33VkbXAOesgYSNsxDM9hJ1NOBGoZfj9rCbeD2+9myElI6JOVVFmnzgeWQA==",
        "dependencies": {
          "Microsoft.Extensions.DependencyInjection.Abstractions": "6.0.0",
          "Microsoft.Extensions.Logging": "6.0.0",
          "Microsoft.Extensions.Logging.Abstractions": "6.0.0",
          "Microsoft.Extensions.Options": "6.0.0",
          "Microsoft.Extensions.Primitives": "6.0.0",
          "System.Runtime.CompilerServices.Unsafe": "6.0.0",
          "System.Text.Json": "6.0.0"
        }
      },
      "Microsoft.Extensions.Options": {
        "type": "Transitive",
        "resolved": "6.0.0",
        "contentHash": "dzXN0+V1AyjOe2xcJ86Qbo233KHuLEY0njf/P2Kw8SfJU+d45HNS2ctJdnEnrWbM9Ye2eFgaC5Mj9otRMU6IsQ==",
        "dependencies": {
          "Microsoft.Extensions.DependencyInjection.Abstractions": "6.0.0",
          "Microsoft.Extensions.Primitives": "6.0.0"
        }
      },
      "Microsoft.Extensions.Options.ConfigurationExtensions": {
        "type": "Transitive",
        "resolved": "6.0.0",
        "contentHash": "bXWINbTn0vC0FYc9GaQTISbxhQLAMrvtbuvD9N6JelEaIS/Pr62wUCinrq5bf1WRBGczt1v4wDhxFtVFNcMdUQ==",
        "dependencies": {
          "Microsoft.Extensions.Configuration.Abstractions": "6.0.0",
          "Microsoft.Extensions.Configuration.Binder": "6.0.0",
          "Microsoft.Extensions.DependencyInjection.Abstractions": "6.0.0",
          "Microsoft.Extensions.Options": "6.0.0",
          "Microsoft.Extensions.Primitives": "6.0.0"
        }
      },
      "Microsoft.Extensions.Primitives": {
        "type": "Transitive",
        "resolved": "6.0.0",
        "contentHash": "9+PnzmQFfEFNR9J2aDTfJGGupShHjOuGw4VUv+JB044biSHrnmCIMD+mJHmb2H7YryrfBEXDurxQ47gJZdCKNQ==",
        "dependencies": {
          "System.Runtime.CompilerServices.Unsafe": "6.0.0"
        }
      },
      "Microsoft.JSInterop": {
        "type": "Transitive",
        "resolved": "6.0.2",
        "contentHash": "0Fg5C5U+XNS5Mb5jYojUGaCDjQqV5IuzyETXt+9NA0QXRgedbm0uYjNpjbIOcOroPSIgo1E3VIg0EDNtE2CuYQ=="
      },
      "Microsoft.JSInterop.WebAssembly": {
        "type": "Transitive",
        "resolved": "6.0.2",
        "contentHash": "nQTIFfWEi25/yOVz/KMelUiUSltZAczXLh3yusk9g9w92+RxV5xrIJ651+1SaXOL2ywinWqvwZ6rT39ibAZ2QQ==",
        "dependencies": {
          "Microsoft.JSInterop": "6.0.2"
        }
      },
      "System.Diagnostics.DiagnosticSource": {
        "type": "Transitive",
        "resolved": "6.0.0",
        "contentHash": "frQDfv0rl209cKm1lnwTgFPzNigy2EKk1BS3uAvHvlBVKe5cymGyHO+Sj+NLv5VF/AhHsqPIUUwya5oV4CHMUw==",
        "dependencies": {
          "System.Runtime.CompilerServices.Unsafe": "6.0.0"
        }
      },
      "System.Diagnostics.EventLog": {
        "type": "Transitive",
        "resolved": "6.0.0",
        "contentHash": "lcyUiXTsETK2ALsZrX+nWuHSIQeazhqPphLfaRxzdGaG93+0kELqpgEHtwWOlQe7+jSFnKwaCAgL4kjeZCQJnw=="
      },
      "System.IO.Pipelines": {
        "type": "Transitive",
        "resolved": "6.0.2",
        "contentHash": "cb5OfQjnz+zjpJJei+f3QYK7+wWZrDdNHf3DykO6QCacpNZ80tuNgq1DC2kqlrjfEu+cMUTvulxPIrCMbBkjqg=="
      },
      "System.Memory": {
        "type": "Transitive",
        "resolved": "4.5.3",
        "contentHash": "3oDzvc/zzetpTKWMShs1AADwZjQ/36HnsufHRPcOjyRAAMLDlu2iD33MBI2opxnezcVUtXyqDXXjoFMOU9c7SA=="
      },
      "System.Net.Http.Json": {
        "type": "Transitive",
        "resolved": "6.0.0",
        "contentHash": "GbIV4y344kGOKjshAKCIDCMUTTW/hyUC42wV0Y5SXEdIbaKBIHBUxZ2MOe4/ZiV2svUAGfQ0c8LGtUExpOI8tg==",
        "dependencies": {
          "System.Text.Json": "6.0.0"
        }
      },
      "System.Runtime.CompilerServices.Unsafe": {
        "type": "Transitive",
        "resolved": "6.0.0",
        "contentHash": "/iUeP3tq1S0XdNNoMz5C9twLSrM/TH+qElHkXWaPvuNOt+99G75NrV0OS2EqHx5wMN7popYjpc8oTjC1y16DLg=="
      },
      "System.ServiceProcess.ServiceController": {
        "type": "Transitive",
        "resolved": "6.0.0",
        "contentHash": "qMBvG8ZFbkXoe0Z5/D7FAAadfPkH2v7vSuh2xsLf3U6jNoejpIdeV18A0htiASsLK1CCAc/p59kaLXlt2yB1gw==",
        "dependencies": {
          "System.Diagnostics.EventLog": "6.0.0"
        }
      },
      "System.Text.Encodings.Web": {
        "type": "Transitive",
        "resolved": "6.0.0",
        "contentHash": "Vg8eB5Tawm1IFqj4TVK1czJX89rhFxJo9ELqc/Eiq0eXy13RK00eubyU6TJE6y+GQXjyV5gSfiewDUZjQgSE0w==",
        "dependencies": {
          "System.Runtime.CompilerServices.Unsafe": "6.0.0"
        }
      },
      "System.Text.Json": {
        "type": "Transitive",
        "resolved": "6.0.0",
        "contentHash": "zaJsHfESQvJ11vbXnNlkrR46IaMULk/gHxYsJphzSF+07kTjPHv+Oc14w6QEOfo3Q4hqLJgStUaYB9DBl0TmWg==",
        "dependencies": {
          "System.Runtime.CompilerServices.Unsafe": "6.0.0",
          "System.Text.Encodings.Web": "6.0.0"
        }
      },
      "snijderman.common": {
        "type": "Project",
        "dependencies": {
          "Grpc.Net.Client": "2.43.0",
          "MediatR": "10.0.1",
          "Microsoft.Extensions.Hosting": "6.0.1",
          "Microsoft.Extensions.Hosting.WindowsServices": "6.0.0",
          "Microsoft.Extensions.Logging.Abstractions": "6.0.0"
        }
      },
      "snijderman.common.blazor": {
        "type": "Project",
        "dependencies": {
          "Microsoft.AspNetCore.Components": "6.0.2",
          "Snijderman.Common": "6.0.0-dev"
        }
      },
      "snijderman.samples.blazor.mvvm": {
        "type": "Project",
        "dependencies": {
          "Blazorise.Icons.Material": "0.9.5.6",
          "Blazorise.Material": "0.9.5.6",
          "Snijderman.Common.Blazor": "6.0.0-dev",
          "Snijderman.Samples.Blazor.Mvvm.ViewModels": "6.0.0-dev"
        }
      },
      "snijderman.samples.blazor.mvvm.client": {
        "type": "Project",
        "dependencies": {
          "Blazorise.Icons.Material": "0.9.5.6",
          "Blazorise.Material": "0.9.5.6",
          "Microsoft.AspNetCore.Components.WebAssembly": "6.0.2",
          "Snijderman.Samples.Blazor.Mvvm": "6.0.0-dev",
          "System.Net.Http.Json": "6.0.0"
        }
      },
      "snijderman.samples.blazor.mvvm.viewmodels": {
        "type": "Project",
        "dependencies": {
          "Snijderman.Common": "6.0.0-dev",
          "Snijderman.Samples.Common": "6.0.0-dev"
        }
      },
      "snijderman.samples.common": {
        "type": "Project",
        "dependencies": {
          "Microsoft.Extensions.DependencyInjection.Abstractions": "6.0.0"
        }
      }
    }
  }
}